
Microsoft Visual Studio Solution File, Format Version 12.00
# Visual Studio Version 17
VisualStudioVersion = 17.13.35825.156 d17.13
MinimumVisualStudioVersion = 10.0.40219.1
Project("{FAE04EC0-301F-11D3-BF4B-00C04F79EFBC}") = "primer-ejercicio", "primer-ejercicio\primer-ejercicio.csproj", "{FEA2D267-7853-4142-B1EE-87279B05ECA7}"
EndProject
Global
	GlobalSection(SolutionConfigurationPlatforms) = preSolution
		Debug|Any CPU = Debug|Any CPU
		Release|Any CPU = Release|Any CPU
	EndGlobalSection
	GlobalSection(ProjectConfigurationPlatforms) = postSolution
		{FEA2D267-7853-4142-B1EE-87279B05ECA7}.Debug|Any CPU.ActiveCfg = Debug|Any CPU
		{FEA2D267-7853-4142-B1EE-87279B05ECA7}.Debug|Any CPU.Build.0 = Debug|Any CPU
		{FEA2D267-7853-4142-B1EE-87279B05ECA7}.Release|Any CPU.ActiveCfg = Release|Any CPU
		{FEA2D267-7853-4142-B1EE-87279B05ECA7}.Release|Any CPU.Build.0 = Release|Any CPU
	EndGlobalSection
	GlobalSection(SolutionProperties) = preSolution
		HideSolutionNode = FALSE
	EndGlobalSection
	GlobalSection(ExtensibilityGlobals) = postSolution
		SolutionGuid = {A3584F1F-C1CD-4627-9A43-85AC55B32659}
	EndGlobalSection
EndGlobal
